
Microsoft Visual Studio Solution File, Format Version 12.00
# Visual Studio Version 17
VisualStudioVersion = 17.7.34202.233
MinimumVisualStudioVersion = 10.0.40219.1
Project("{FAE04EC0-301F-11D3-BF4B-00C04F79EFBC}") = "OpenTK_console_sample01", "OpenTK_console_sample01\OpenTK_console_sample01.csproj", "{03142B3E-ED8E-4520-923F-EC79BB9E7683}"
EndProject
Project("{FAE04EC0-301F-11D3-BF4B-00C04F79EFBC}") = "OpenTK_console_sample02", "OpenTK_console_sample02\OpenTK_console_sample02.csproj", "{A4E1EDE5-DDD0-46AA-AED9-A12EB13AA5A4}"
EndProject
Project("{FAE04EC0-301F-11D3-BF4B-00C04F79EFBC}") = "OpenTK_winforms_z01", "OpenTK_winforms_z01\OpenTK_winforms_z01.csproj", "{CD8E8437-9586-4467-9F35-4D2A3E0EB7F2}"
EndProject
Global
	GlobalSection(SolutionConfigurationPlatforms) = preSolution
		Debug|Any CPU = Debug|Any CPU
		Release|Any CPU = Release|Any CPU
	EndGlobalSection
	GlobalSection(ProjectConfigurationPlatforms) = postSolution
		{03142B3E-ED8E-4520-923F-EC79BB9E7683}.Debug|Any CPU.ActiveCfg = Debug|Any CPU
		{03142B3E-ED8E-4520-923F-EC79BB9E7683}.Debug|Any CPU.Build.0 = Debug|Any CPU
		{03142B3E-ED8E-4520-923F-EC79BB9E7683}.Release|Any CPU.ActiveCfg = Release|Any CPU
		{03142B3E-ED8E-4520-923F-EC79BB9E7683}.Release|Any CPU.Build.0 = Release|Any CPU
		{A4E1EDE5-DDD0-46AA-AED9-A12EB13AA5A4}.Debug|Any CPU.ActiveCfg = Debug|Any CPU
		{A4E1EDE5-DDD0-46AA-AED9-A12EB13AA5A4}.Debug|Any CPU.Build.0 = Debug|Any CPU
		{A4E1EDE5-DDD0-46AA-AED9-A12EB13AA5A4}.Release|Any CPU.ActiveCfg = Release|Any CPU
		{A4E1EDE5-DDD0-46AA-AED9-A12EB13AA5A4}.Release|Any CPU.Build.0 = Release|Any CPU
		{CD8E8437-9586-4467-9F35-4D2A3E0EB7F2}.Debug|Any CPU.ActiveCfg = Debug|Any CPU
		{CD8E8437-9586-4467-9F35-4D2A3E0EB7F2}.Debug|Any CPU.Build.0 = Debug|Any CPU
		{CD8E8437-9586-4467-9F35-4D2A3E0EB7F2}.Release|Any CPU.ActiveCfg = Release|Any CPU
		{CD8E8437-9586-4467-9F35-4D2A3E0EB7F2}.Release|Any CPU.Build.0 = Release|Any CPU
	EndGlobalSection
	GlobalSection(SolutionProperties) = preSolution
		HideSolutionNode = FALSE
	EndGlobalSection
	GlobalSection(ExtensibilityGlobals) = postSolution
		SolutionGuid = {EC2AC7D8-BDAD-4C8A-9ECF-17A6E09E478B}
	EndGlobalSection
EndGlobal
